
Microsoft Visual Studio Solution File, Format Version 12.00
# Visual Studio 15
VisualStudioVersion = 15.0.28010.2036
MinimumVisualStudioVersion = 10.0.40219.1
Project("{FAE04EC0-301F-11D3-BF4B-00C04F79EFBC}") = "Dashboard3", "Dashboard3\Dashboard3.csproj", "{8D0D543A-5178-4DED-B533-D41640ADCA05}"
EndProject
Global
	GlobalSection(SolutionConfigurationPlatforms) = preSolution
		Debug|Any CPU = Debug|Any CPU
		Release|Any CPU = Release|Any CPU
	EndGlobalSection
	GlobalSection(ProjectConfigurationPlatforms) = postSolution
		{8D0D543A-5178-4DED-B533-D41640ADCA05}.Debug|Any CPU.ActiveCfg = Debug|Any CPU
		{8D0D543A-5178-4DED-B533-D41640ADCA05}.Debug|Any CPU.Build.0 = Debug|Any CPU
		{8D0D543A-5178-4DED-B533-D41640ADCA05}.Debug|Any CPU.Deploy.0 = Debug|Any CPU
		{8D0D543A-5178-4DED-B533-D41640ADCA05}.Release|Any CPU.ActiveCfg = Release|Any CPU
		{8D0D543A-5178-4DED-B533-D41640ADCA05}.Release|Any CPU.Build.0 = Release|Any CPU
		{8D0D543A-5178-4DED-B533-D41640ADCA05}.Release|Any CPU.Deploy.0 = Release|Any CPU
	EndGlobalSection
	GlobalSection(SolutionProperties) = preSolution
		HideSolutionNode = FALSE
	EndGlobalSection
	GlobalSection(ExtensibilityGlobals) = postSolution
		SolutionGuid = {DFE5FCD7-FB87-4852-9D08-E00F25A6CB29}
	EndGlobalSection
EndGlobal
